PODS:
  - ChameleonFramework/Default (2.1.0)
  - ChameleonFramework/Swift (2.1.0):
    - ChameleonFramework/Default
  - iOSSnapshotTestCase (3.0.0):
    - iOSSnapshotTestCase/SwiftSupport (= 3.0.0)
  - iOSSnapshotTestCase/Core (3.0.0)
  - iOSSnapshotTestCase/SwiftSupport (3.0.0):
    - iOSSnapshotTestCase/Core
  - Nimble (7.1.0)
  - Nimble-Snapshots (6.6.0):
    - Nimble-Snapshots/Core (= 6.6.0)
  - Nimble-Snapshots/Core (6.6.0):
    - iOSSnapshotTestCase (~> 3.0)
    - Nimble (~> 7.0)
  - Quick (1.2.0)
  - Realm (3.5.0):
    - Realm/Headers (= 3.5.0)
  - Realm/Headers (3.5.0)
  - RealmSwift (3.5.0):
    - Realm (= 3.5.0)
  - SwiftDate (5.0.7)
  - SwiftIcons (2.0.1)
  - SwiftLint (0.25.0)
  - Toast-Swift (3.0.1)

DEPENDENCIES:
  - ChameleonFramework/Swift (from `https://github.com/ViccAlexander/Chameleon.git`)
  - Nimble
  - Nimble-Snapshots
  - Quick
  - RealmSwift
  - SwiftDate
  - SwiftIcons
  - SwiftLint
  - Toast-Swift

SPEC REPOS:
  https://github.com/CocoaPods/Specs.git:
    - iOSSnapshotTestCase
    - Nimble
    - Nimble-Snapshots
    - Quick
    - Realm
    - RealmSwift
    - SwiftDate
    - SwiftIcons
    - SwiftLint
    - Toast-Swift

EXTERNAL SOURCES:
  ChameleonFramework:
    :git: https://github.com/ViccAlexander/Chameleon.git

CHECKOUT OPTIONS:
  ChameleonFramework:
    :commit: 6dd284bde21ea2e7f9fd89bc36f40df16e16369d
    :git: https://github.com/ViccAlexander/Chameleon.git

SPEC CHECKSUMS:
  ChameleonFramework: d21a3cc247abfe5e37609a283a8238b03575cf64
  iOSSnapshotTestCase: 23984ffe05289728d646cbb6a7a10b4fb1c93440
  Nimble: 9c6651c3021af6de54c3ed90a4a0a87d548f7359
  Nimble-Snapshots: 33e94958e964dd5751dd387bc3204e43fe7b5d7b
  Quick: 58d203b1c5e27fff7229c4c1ae445ad7069a7a08
  Realm: 0378021c424e4e2bd6a0e63b27881e929d9b9ad1
  RealmSwift: 3322562622fda2ad596985ead4d8d8be30cf838c
  SwiftDate: f053fb89250c59af5eff777f3b832d2b9dd57403
  SwiftIcons: e475a56ae2c2da40672dbf16061ca5dd5cee7dbb
  SwiftLint: e14651157288e9e01d6e1a71db7014fb5744a8ea
  Toast-Swift: ba0b01b095aada709d915f9beb1d38184a2721c3

PODFILE CHECKSUM: 3d43bfded597729a63f3d1ed58b4e542451ac3ae

COCOAPODS: 1.5.0
