PODS:
  - ChameleonFramework/Default (2.1.0)
  - ChameleonFramework/Swift (2.1.0):
    - ChameleonFramework/Default
  - iOSSnapshotTestCase (4.0.0):
    - iOSSnapshotTestCase/SwiftSupport (= 4.0.0)
  - iOSSnapshotTestCase/Core (4.0.0)
  - iOSSnapshotTestCase/SwiftSupport (4.0.0):
    - iOSSnapshotTestCase/Core
  - Nimble (7.3.1)
  - Nimble-Snapshots (6.8.1):
    - Nimble-Snapshots/Core (= 6.8.1)
  - Nimble-Snapshots/Core (6.8.1):
    - iOSSnapshotTestCase (~> 4.0)
    - Nimble (~> 7.0)
  - Quick (1.3.2)
  - Realm (3.10.0):
    - Realm/Headers (= 3.10.0)
  - Realm/Headers (3.10.0)
  - RealmSwift (3.10.0):
    - Realm (= 3.10.0)
  - SwiftDate (5.0.9)
  - SwiftIcons (2.2.0)
  - SwiftLint (0.27.0)
  - Toast-Swift (4.0.0)

DEPENDENCIES:
  - ChameleonFramework/Swift (from `https://github.com/ViccAlexander/Chameleon.git`)
  - Nimble
  - Nimble-Snapshots
  - Quick
  - RealmSwift
  - SwiftDate
  - SwiftIcons
  - SwiftLint
  - Toast-Swift

SPEC REPOS:
  https://github.com/CocoaPods/Specs.git:
    - iOSSnapshotTestCase
    - Nimble
    - Nimble-Snapshots
    - Quick
    - Realm
    - RealmSwift
    - SwiftDate
    - SwiftIcons
    - SwiftLint
    - Toast-Swift

EXTERNAL SOURCES:
  ChameleonFramework:
    :git: https://github.com/ViccAlexander/Chameleon.git

CHECKOUT OPTIONS:
  ChameleonFramework:
    :commit: 6dd284bde21ea2e7f9fd89bc36f40df16e16369d
    :git: https://github.com/ViccAlexander/Chameleon.git

SPEC CHECKSUMS:
  ChameleonFramework: d21a3cc247abfe5e37609a283a8238b03575cf64
  iOSSnapshotTestCase: 711379b19f69a22c131527df862352c877c2773c
  Nimble: 04f732da099ea4d153122aec8c2a88fd0c7219ae
  Nimble-Snapshots: 65bce321fa2f62d70909b90a66a825a3cc4ae773
  Quick: 2623cb30d7a7f41ca62f684f679586558f483d46
  Realm: 85ab9e4f779d66f6e9ffeb118dc25b7f130c96ac
  RealmSwift: 69121c8b86d0ae005fb779efdb10e606732e1c74
  SwiftDate: 52b718d32ec006861a2be2756cbfa482d438e781
  SwiftIcons: e7eb9bf2b475d6bdd8b37c5bdedc6d120aab0829
  SwiftLint: 3207c1faa2240bf8973b191820a116113cd11073
  Toast-Swift: 594b5c5e5129f15438e410207e43287f027b3c00

PODFILE CHECKSUM: a065749183f8544542a19c4522cac04d2e8a2dcb

COCOAPODS: 1.5.0
