// !$*UTF8*$!
{
	archiveVersion = 1;
	classes = {
	};
	objectVersion = 48;
	objects = {

/* Begin PBXBuildFile section */
		3E19DC1752CBB840C9B934F9 /* Pods_PeeCheckTests.framework in Frameworks */ = {isa = PBXBuildFile; fileRef = 3ADE343B534A7A04EF6FC676 /* Pods_PeeCheckTests.framework */; };
		5B201FAC2076E1E60063EA25 /* RecordingPresenter.swift in Sources */ = {isa = PBXBuildFile; fileRef = 5B201FA62076E1E60063EA25 /* RecordingPresenter.swift */; };
		5B201FAD2076E1E60063EA25 /* RecordingWorker.swift in Sources */ = {isa = PBXBuildFile; fileRef = 5B201FA72076E1E60063EA25 /* RecordingWorker.swift */; };
		5B201FAE2076E1E60063EA25 /* RecordingRouter.swift in Sources */ = {isa = PBXBuildFile; fileRef = 5B201FA82076E1E60063EA25 /* RecordingRouter.swift */; };
		5B201FAF2076E1E60063EA25 /* RecordingModels.swift in Sources */ = {isa = PBXBuildFile; fileRef = 5B201FA92076E1E60063EA25 /* RecordingModels.swift */; };
		5B201FB02076E1E60063EA25 /* RecordingViewController.swift in Sources */ = {isa = PBXBuildFile; fileRef = 5B201FAA2076E1E60063EA25 /* RecordingViewController.swift */; };
		5B201FB12076E1E60063EA25 /* RecordingInteractor.swift in Sources */ = {isa = PBXBuildFile; fileRef = 5B201FAB2076E1E60063EA25 /* RecordingInteractor.swift */; };
		5B201FB32076E22A0063EA25 /* RecordingViewController.xib in Resources */ = {isa = PBXBuildFile; fileRef = 5B201FB22076E22A0063EA25 /* RecordingViewController.xib */; };
		5B201FB52076E9580063EA25 /* UIImage+Extensions.swift in Sources */ = {isa = PBXBuildFile; fileRef = 5B201FB42076E9580063EA25 /* UIImage+Extensions.swift */; };
		5BB864F22084252B002EBB5F /* PeeCheckUITests.swift in Sources */ = {isa = PBXBuildFile; fileRef = 5BB864F12084252B002EBB5F /* PeeCheckUITests.swift */; };
		5BB864FC20842584002EBB5F /* TabBarControllersTests.swift in Sources */ = {isa = PBXBuildFile; fileRef = 5BB864FB20842584002EBB5F /* TabBarControllersTests.swift */; };
		5BB8650020855A13002EBB5F /* MainTabBarViewControllerTests.swift in Sources */ = {isa = PBXBuildFile; fileRef = 5BB864FF20855A13002EBB5F /* MainTabBarViewControllerTests.swift */; };
		5BB8650620855A8B002EBB5F /* RecordingViewControllerTests.swift in Sources */ = {isa = PBXBuildFile; fileRef = 5BB8650220855A8B002EBB5F /* RecordingViewControllerTests.swift */; };
		5BB8650720855A8B002EBB5F /* RecordingInteractorTests.swift in Sources */ = {isa = PBXBuildFile; fileRef = 5BB8650320855A8B002EBB5F /* RecordingInteractorTests.swift */; };
		5BB8650820855A8B002EBB5F /* RecordingWorkerTests.swift in Sources */ = {isa = PBXBuildFile; fileRef = 5BB8650420855A8B002EBB5F /* RecordingWorkerTests.swift */; };
		5BB8650920855A8B002EBB5F /* RecordingPresenterTests.swift in Sources */ = {isa = PBXBuildFile; fileRef = 5BB8650520855A8B002EBB5F /* RecordingPresenterTests.swift */; };
		5BB8650A20856613002EBB5F /* MainTabBarViewController.swift in Sources */ = {isa = PBXBuildFile; fileRef = 5BB9D8F9204EE8CF00C5ADA1 /* MainTabBarViewController.swift */; };
		5BB9D8BF204EE3D200C5ADA1 /* AppDelegate.swift in Sources */ = {isa = PBXBuildFile; fileRef = 5BB9D8BE204EE3D200C5ADA1 /* AppDelegate.swift */; };
		5BB9D8C4204EE3D200C5ADA1 /* Main.storyboard in Resources */ = {isa = PBXBuildFile; fileRef = 5BB9D8C2204EE3D200C5ADA1 /* Main.storyboard */; };
		5BB9D8C6204EE3D200C5ADA1 /* Assets.xcassets in Resources */ = {isa = PBXBuildFile; fileRef = 5BB9D8C5204EE3D200C5ADA1 /* Assets.xcassets */; };
		5BB9D8C9204EE3D200C5ADA1 /* LaunchScreen.storyboard in Resources */ = {isa = PBXBuildFile; fileRef = 5BB9D8C7204EE3D200C5ADA1 /* LaunchScreen.storyboard */; };
		5BB9D8F5204EE82700C5ADA1 /* Localizable.strings in Resources */ = {isa = PBXBuildFile; fileRef = 5BB9D8F7204EE82700C5ADA1 /* Localizable.strings */; };
		5BB9D8FE204EEB9900C5ADA1 /* TabBarControllers.swift in Sources */ = {isa = PBXBuildFile; fileRef = 5BB9D8FD204EEB9900C5ADA1 /* TabBarControllers.swift */; };
		5BB9D900204EEBC800C5ADA1 /* String+Extensions.swift in Sources */ = {isa = PBXBuildFile; fileRef = 5BB9D8FF204EEBC800C5ADA1 /* String+Extensions.swift */; };
		7E828030DE0A63143A66E166 /* Pods_PeeCheckUITests.framework in Frameworks */ = {isa = PBXBuildFile; fileRef = BA2CF96DD458CDE4EFA8B382 /* Pods_PeeCheckUITests.framework */; };
		9549CE34E9014B4205D25413 /* Pods_PeeCheck.framework in Frameworks */ = {isa = PBXBuildFile; fileRef = 444058EC6B292B8FF016DB99 /* Pods_PeeCheck.framework */; };
/* End PBXBuildFile section */

/* Begin PBXContainerItemProxy section */
		5BB864E6208417D7002EBB5F /* PBXContainerItemProxy */ = {
			isa = PBXContainerItemProxy;
			containerPortal = 5BB9D8B3204EE3D200C5ADA1 /* Project object */;
			proxyType = 1;
			remoteGlobalIDString = 5BB9D8BA204EE3D200C5ADA1;
			remoteInfo = PeeCheck;
		};
		5BB864F42084252B002EBB5F /* PBXContainerItemProxy */ = {
			isa = PBXContainerItemProxy;
			containerPortal = 5BB9D8B3204EE3D200C5ADA1 /* Project object */;
			proxyType = 1;
			remoteGlobalIDString = 5BB9D8BA204EE3D200C5ADA1;
			remoteInfo = PeeCheck;
		};
/* End PBXContainerItemProxy section */

/* Begin PBXFileReference section */
		065C21D8CE50B8801D890CCB /* Pods-PeeCheckUITests.debug.xcconfig */ = {isa = PBXFileReference; includeInIndex = 1; lastKnownFileType = text.xcconfig; name = "Pods-PeeCheckUITests.debug.xcconfig"; path = "Pods/Target Support Files/Pods-PeeCheckUITests/Pods-PeeCheckUITests.debug.xcconfig"; sourceTree = "<group>"; };
		3ADE343B534A7A04EF6FC676 /* Pods_PeeCheckTests.framework */ = {isa = PBXFileReference; explicitFileType = wrapper.framework; includeInIndex = 0; path = Pods_PeeCheckTests.framework; sourceTree = BUILT_PRODUCTS_DIR; };
		444058EC6B292B8FF016DB99 /* Pods_PeeCheck.framework */ = {isa = PBXFileReference; explicitFileType = wrapper.framework; includeInIndex = 0; path = Pods_PeeCheck.framework; sourceTree = BUILT_PRODUCTS_DIR; };
		5B201FA62076E1E60063EA25 /* RecordingPresenter.swift */ = {isa = PBXFileReference; lastKnownFileType = sourcecode.swift; path = RecordingPresenter.swift; sourceTree = "<group>"; };
		5B201FA72076E1E60063EA25 /* RecordingWorker.swift */ = {isa = PBXFileReference; lastKnownFileType = sourcecode.swift; path = RecordingWorker.swift; sourceTree = "<group>"; };
		5B201FA82076E1E60063EA25 /* RecordingRouter.swift */ = {isa = PBXFileReference; lastKnownFileType = sourcecode.swift; path = RecordingRouter.swift; sourceTree = "<group>"; };
		5B201FA92076E1E60063EA25 /* RecordingModels.swift */ = {isa = PBXFileReference; lastKnownFileType = sourcecode.swift; path = RecordingModels.swift; sourceTree = "<group>"; };
		5B201FAA2076E1E60063EA25 /* RecordingViewController.swift */ = {isa = PBXFileReference; lastKnownFileType = sourcecode.swift; path = RecordingViewController.swift; sourceTree = "<group>"; };
		5B201FAB2076E1E60063EA25 /* RecordingInteractor.swift */ = {isa = PBXFileReference; lastKnownFileType = sourcecode.swift; path = RecordingInteractor.swift; sourceTree = "<group>"; };
		5B201FB22076E22A0063EA25 /* RecordingViewController.xib */ = {isa = PBXFileReference; lastKnownFileType = file.xib; path = RecordingViewController.xib; sourceTree = "<group>"; };
		5B201FB42076E9580063EA25 /* UIImage+Extensions.swift */ = {isa = PBXFileReference; lastKnownFileType = sourcecode.swift; path = "UIImage+Extensions.swift"; sourceTree = "<group>"; };
		5BB864E1208417D6002EBB5F /* PeeCheckTests.xctest */ = {isa = PBXFileReference; explicitFileType = wrapper.cfbundle; includeInIndex = 0; path = PeeCheckTests.xctest; sourceTree = BUILT_PRODUCTS_DIR; };
		5BB864E5208417D7002EBB5F /* Info.plist */ = {isa = PBXFileReference; lastKnownFileType = text.plist.xml; path = Info.plist; sourceTree = "<group>"; };
		5BB864EF2084252A002EBB5F /* PeeCheckUITests.xctest */ = {isa = PBXFileReference; explicitFileType = wrapper.cfbundle; includeInIndex = 0; path = PeeCheckUITests.xctest; sourceTree = BUILT_PRODUCTS_DIR; };
		5BB864F12084252B002EBB5F /* PeeCheckUITests.swift */ = {isa = PBXFileReference; lastKnownFileType = sourcecode.swift; path = PeeCheckUITests.swift; sourceTree = "<group>"; };
		5BB864F32084252B002EBB5F /* Info.plist */ = {isa = PBXFileReference; lastKnownFileType = text.plist.xml; path = Info.plist; sourceTree = "<group>"; };
		5BB864FB20842584002EBB5F /* TabBarControllersTests.swift */ = {isa = PBXFileReference; lastKnownFileType = sourcecode.swift; path = TabBarControllersTests.swift; sourceTree = "<group>"; };
		5BB864FF20855A13002EBB5F /* MainTabBarViewControllerTests.swift */ = {isa = PBXFileReference; lastKnownFileType = sourcecode.swift; path = MainTabBarViewControllerTests.swift; sourceTree = "<group>"; };
		5BB8650220855A8B002EBB5F /* RecordingViewControllerTests.swift */ = {isa = PBXFileReference; lastKnownFileType = sourcecode.swift; path = RecordingViewControllerTests.swift; sourceTree = "<group>"; };
		5BB8650320855A8B002EBB5F /* RecordingInteractorTests.swift */ = {isa = PBXFileReference; lastKnownFileType = sourcecode.swift; path = RecordingInteractorTests.swift; sourceTree = "<group>"; };
		5BB8650420855A8B002EBB5F /* RecordingWorkerTests.swift */ = {isa = PBXFileReference; lastKnownFileType = sourcecode.swift; path = RecordingWorkerTests.swift; sourceTree = "<group>"; };
		5BB8650520855A8B002EBB5F /* RecordingPresenterTests.swift */ = {isa = PBXFileReference; lastKnownFileType = sourcecode.swift; path = RecordingPresenterTests.swift; sourceTree = "<group>"; };
		5BB9D8BB204EE3D200C5ADA1 /* PeeCheck.app */ = {isa = PBXFileReference; explicitFileType = wrapper.application; includeInIndex = 0; path = PeeCheck.app; sourceTree = BUILT_PRODUCTS_DIR; };
		5BB9D8BE204EE3D200C5ADA1 /* AppDelegate.swift */ = {isa = PBXFileReference; lastKnownFileType = sourcecode.swift; path = AppDelegate.swift; sourceTree = "<group>"; };
		5BB9D8C3204EE3D200C5ADA1 /* Base */ = {isa = PBXFileReference; lastKnownFileType = file.storyboard; name = Base; path = Base.lproj/Main.storyboard; sourceTree = "<group>"; };
		5BB9D8C5204EE3D200C5ADA1 /* Assets.xcassets */ = {isa = PBXFileReference; lastKnownFileType = folder.assetcatalog; path = Assets.xcassets; sourceTree = "<group>"; };
		5BB9D8C8204EE3D200C5ADA1 /* Base */ = {isa = PBXFileReference; lastKnownFileType = file.storyboard; name = Base; path = Base.lproj/LaunchScreen.storyboard; sourceTree = "<group>"; };
		5BB9D8CA204EE3D200C5ADA1 /* Info.plist */ = {isa = PBXFileReference; lastKnownFileType = text.plist.xml; path = Info.plist; sourceTree = "<group>"; };
		5BB9D8F6204EE82700C5ADA1 /* en */ = {isa = PBXFileReference; lastKnownFileType = text.plist.strings; name = en; path = en.lproj/Localizable.strings; sourceTree = "<group>"; };
		5BB9D8F8204EE83D00C5ADA1 /* fr */ = {isa = PBXFileReference; lastKnownFileType = text.plist.strings; name = fr; path = fr.lproj/Localizable.strings; sourceTree = "<group>"; };
		5BB9D8F9204EE8CF00C5ADA1 /* MainTabBarViewController.swift */ = {isa = PBXFileReference; lastKnownFileType = sourcecode.swift; path = MainTabBarViewController.swift; sourceTree = "<group>"; };
		5BB9D8FD204EEB9900C5ADA1 /* TabBarControllers.swift */ = {isa = PBXFileReference; lastKnownFileType = sourcecode.swift; path = TabBarControllers.swift; sourceTree = "<group>"; };
		5BB9D8FF204EEBC800C5ADA1 /* String+Extensions.swift */ = {isa = PBXFileReference; lastKnownFileType = sourcecode.swift; path = "String+Extensions.swift"; sourceTree = "<group>"; };
		901DC64AB7C572D4E62F276D /* Pods-PeeCheckUITests.release.xcconfig */ = {isa = PBXFileReference; includeInIndex = 1; lastKnownFileType = text.xcconfig; name = "Pods-PeeCheckUITests.release.xcconfig"; path = "Pods/Target Support Files/Pods-PeeCheckUITests/Pods-PeeCheckUITests.release.xcconfig"; sourceTree = "<group>"; };
		9E21308C9B2077CCC24EEB1F /* Pods-PeeCheck.debug.xcconfig */ = {isa = PBXFileReference; includeInIndex = 1; lastKnownFileType = text.xcconfig; name = "Pods-PeeCheck.debug.xcconfig"; path = "Pods/Target Support Files/Pods-PeeCheck/Pods-PeeCheck.debug.xcconfig"; sourceTree = "<group>"; };
		BA2CF96DD458CDE4EFA8B382 /* Pods_PeeCheckUITests.framework */ = {isa = PBXFileReference; explicitFileType = wrapper.framework; includeInIndex = 0; path = Pods_PeeCheckUITests.framework; sourceTree = BUILT_PRODUCTS_DIR; };
		DB513A455CBC4C7DAAD7F622 /* Pods-PeeCheckTests.release.xcconfig */ = {isa = PBXFileReference; includeInIndex = 1; lastKnownFileType = text.xcconfig; name = "Pods-PeeCheckTests.release.xcconfig"; path = "Pods/Target Support Files/Pods-PeeCheckTests/Pods-PeeCheckTests.release.xcconfig"; sourceTree = "<group>"; };
		E8866187AD011ECD8BA008CA /* Pods-PeeCheckTests.debug.xcconfig */ = {isa = PBXFileReference; includeInIndex = 1; lastKnownFileType = text.xcconfig; name = "Pods-PeeCheckTests.debug.xcconfig"; path = "Pods/Target Support Files/Pods-PeeCheckTests/Pods-PeeCheckTests.debug.xcconfig"; sourceTree = "<group>"; };
		EC244CE0A01483D2764F3FEA /* Pods-PeeCheck.release.xcconfig */ = {isa = PBXFileReference; includeInIndex = 1; lastKnownFileType = text.xcconfig; name = "Pods-PeeCheck.release.xcconfig"; path = "Pods/Target Support Files/Pods-PeeCheck/Pods-PeeCheck.release.xcconfig"; sourceTree = "<group>"; };
/* End PBXFileReference section */

/* Begin PBXFrameworksBuildPhase section */
		5BB864DE208417D6002EBB5F /* Frameworks */ = {
			isa = PBXFrameworksBuildPhase;
			buildActionMask = 2147483647;
			files = (
				3E19DC1752CBB840C9B934F9 /* Pods_PeeCheckTests.framework in Frameworks */,
			);
			runOnlyForDeploymentPostprocessing = 0;
		};
		5BB864EC2084252A002EBB5F /* Frameworks */ = {
			isa = PBXFrameworksBuildPhase;
			buildActionMask = 2147483647;
			files = (
				7E828030DE0A63143A66E166 /* Pods_PeeCheckUITests.framework in Frameworks */,
			);
			runOnlyForDeploymentPostprocessing = 0;
		};
		5BB9D8B8204EE3D200C5ADA1 /* Frameworks */ = {
			isa = PBXFrameworksBuildPhase;
			buildActionMask = 2147483647;
			files = (
				9549CE34E9014B4205D25413 /* Pods_PeeCheck.framework in Frameworks */,
			);
			runOnlyForDeploymentPostprocessing = 0;
		};
/* End PBXFrameworksBuildPhase section */

/* Begin PBXGroup section */
		50A08D651192411E97B09029 /* Pods */ = {
			isa = PBXGroup;
			children = (
				9E21308C9B2077CCC24EEB1F /* Pods-PeeCheck.debug.xcconfig */,
				EC244CE0A01483D2764F3FEA /* Pods-PeeCheck.release.xcconfig */,
				E8866187AD011ECD8BA008CA /* Pods-PeeCheckTests.debug.xcconfig */,
				DB513A455CBC4C7DAAD7F622 /* Pods-PeeCheckTests.release.xcconfig */,
				065C21D8CE50B8801D890CCB /* Pods-PeeCheckUITests.debug.xcconfig */,
				901DC64AB7C572D4E62F276D /* Pods-PeeCheckUITests.release.xcconfig */,
			);
			name = Pods;
			sourceTree = "<group>";
		};
		592237B06A63C643F3324AC7 /* Frameworks */ = {
			isa = PBXGroup;
			children = (
				444058EC6B292B8FF016DB99 /* Pods_PeeCheck.framework */,
				3ADE343B534A7A04EF6FC676 /* Pods_PeeCheckTests.framework */,
				BA2CF96DD458CDE4EFA8B382 /* Pods_PeeCheckUITests.framework */,
			);
			name = Frameworks;
			sourceTree = "<group>";
		};
		5B201FA52076E18E0063EA25 /* RecordingViewController */ = {
			isa = PBXGroup;
			children = (
				5B201FA62076E1E60063EA25 /* RecordingPresenter.swift */,
				5B201FA72076E1E60063EA25 /* RecordingWorker.swift */,
				5B201FA82076E1E60063EA25 /* RecordingRouter.swift */,
				5B201FA92076E1E60063EA25 /* RecordingModels.swift */,
				5B201FAA2076E1E60063EA25 /* RecordingViewController.swift */,
				5B201FB22076E22A0063EA25 /* RecordingViewController.xib */,
				5B201FAB2076E1E60063EA25 /* RecordingInteractor.swift */,
			);
			path = RecordingViewController;
			sourceTree = "<group>";
		};
		5BB864E2208417D7002EBB5F /* PeeCheckTests */ = {
			isa = PBXGroup;
			children = (
				5BB864FD208559B9002EBB5F /* Scenes */,
				5BB864F920842532002EBB5F /* Common */,
				5BB864E5208417D7002EBB5F /* Info.plist */,
			);
			path = PeeCheckTests;
			sourceTree = "<group>";
		};
		5BB864F02084252A002EBB5F /* PeeCheckUITests */ = {
			isa = PBXGroup;
			children = (
				5BB864F12084252B002EBB5F /* PeeCheckUITests.swift */,
				5BB864F32084252B002EBB5F /* Info.plist */,
			);
			path = PeeCheckUITests;
			sourceTree = "<group>";
		};
		5BB864F920842532002EBB5F /* Common */ = {
			isa = PBXGroup;
			children = (
				5BB864FA20842549002EBB5F /* Enum */,
			);
			name = Common;
			path = "New Group";
			sourceTree = "<group>";
		};
		5BB864FA20842549002EBB5F /* Enum */ = {
			isa = PBXGroup;
			children = (
				5BB864FB20842584002EBB5F /* TabBarControllersTests.swift */,
			);
			path = Enum;
			sourceTree = "<group>";
		};
		5BB864FD208559B9002EBB5F /* Scenes */ = {
			isa = PBXGroup;
			children = (
				5BB8650120855A36002EBB5F /* RecordingViewController */,
				5BB864FE208559D5002EBB5F /* MainTabBarViewController */,
			);
			path = Scenes;
			sourceTree = "<group>";
		};
		5BB864FE208559D5002EBB5F /* MainTabBarViewController */ = {
			isa = PBXGroup;
			children = (
				5BB864FF20855A13002EBB5F /* MainTabBarViewControllerTests.swift */,
			);
			path = MainTabBarViewController;
			sourceTree = "<group>";
		};
		5BB8650120855A36002EBB5F /* RecordingViewController */ = {
			isa = PBXGroup;
			children = (
				5BB8650220855A8B002EBB5F /* RecordingViewControllerTests.swift */,
				5BB8650320855A8B002EBB5F /* RecordingInteractorTests.swift */,
				5BB8650420855A8B002EBB5F /* RecordingWorkerTests.swift */,
				5BB8650520855A8B002EBB5F /* RecordingPresenterTests.swift */,
			);
			path = RecordingViewController;
			sourceTree = "<group>";
		};
		5BB9D8B2204EE3D200C5ADA1 = {
			isa = PBXGroup;
			children = (
				5BB9D8BD204EE3D200C5ADA1 /* PeeCheck */,
				5BB864E2208417D7002EBB5F /* PeeCheckTests */,
				5BB864F02084252A002EBB5F /* PeeCheckUITests */,
				5BB9D8BC204EE3D200C5ADA1 /* Products */,
				50A08D651192411E97B09029 /* Pods */,
				592237B06A63C643F3324AC7 /* Frameworks */,
			);
			sourceTree = "<group>";
		};
		5BB9D8BC204EE3D200C5ADA1 /* Products */ = {
			isa = PBXGroup;
			children = (
				5BB9D8BB204EE3D200C5ADA1 /* PeeCheck.app */,
				5BB864E1208417D6002EBB5F /* PeeCheckTests.xctest */,
				5BB864EF2084252A002EBB5F /* PeeCheckUITests.xctest */,
			);
			name = Products;
			sourceTree = "<group>";
		};
		5BB9D8BD204EE3D200C5ADA1 /* PeeCheck */ = {
			isa = PBXGroup;
			children = (
				5BB9D8BE204EE3D200C5ADA1 /* AppDelegate.swift */,
				5BB9D8F0204EE75900C5ADA1 /* Common */,
				5BB9D8EC204EE6E700C5ADA1 /* Ressources */,
				5BB9D8EE204EE72E00C5ADA1 /* Scenes */,
				5BB9D8ED204EE70400C5ADA1 /* Supporting Files */,
			);
			path = PeeCheck;
			sourceTree = "<group>";
		};
		5BB9D8EC204EE6E700C5ADA1 /* Ressources */ = {
			isa = PBXGroup;
			children = (
				5BB9D8C5204EE3D200C5ADA1 /* Assets.xcassets */,
			);
			name = Ressources;
			sourceTree = "<group>";
		};
		5BB9D8ED204EE70400C5ADA1 /* Supporting Files */ = {
			isa = PBXGroup;
			children = (
				5BB9D8C7204EE3D200C5ADA1 /* LaunchScreen.storyboard */,
				5BB9D8C2204EE3D200C5ADA1 /* Main.storyboard */,
				5BB9D8CA204EE3D200C5ADA1 /* Info.plist */,
				5BB9D8F7204EE82700C5ADA1 /* Localizable.strings */,
			);
			path = "Supporting Files";
			sourceTree = "<group>";
		};
		5BB9D8EE204EE72E00C5ADA1 /* Scenes */ = {
			isa = PBXGroup;
			children = (
				5B201FA52076E18E0063EA25 /* RecordingViewController */,
				5BB9D8EF204EE73C00C5ADA1 /* MainViewController */,
			);
			name = Scenes;
			sourceTree = "<group>";
		};
		5BB9D8EF204EE73C00C5ADA1 /* MainViewController */ = {
			isa = PBXGroup;
			children = (
				5BB9D8F9204EE8CF00C5ADA1 /* MainTabBarViewController.swift */,
			);
			path = MainViewController;
			sourceTree = "<group>";
		};
		5BB9D8F0204EE75900C5ADA1 /* Common */ = {
			isa = PBXGroup;
			children = (
				5BB9D8FC204EE92100C5ADA1 /* Extensions */,
				5BB9D8FB204EE91000C5ADA1 /* Enum */,
			);
			path = Common;
			sourceTree = "<group>";
		};
		5BB9D8FB204EE91000C5ADA1 /* Enum */ = {
			isa = PBXGroup;
			children = (
				5BB9D8FD204EEB9900C5ADA1 /* TabBarControllers.swift */,
			);
			name = Enum;
			sourceTree = "<group>";
		};
		5BB9D8FC204EE92100C5ADA1 /* Extensions */ = {
			isa = PBXGroup;
			children = (
				5BB9D8FF204EEBC800C5ADA1 /* String+Extensions.swift */,
				5B201FB42076E9580063EA25 /* UIImage+Extensions.swift */,
			);
			path = Extensions;
			sourceTree = "<group>";
		};
/* End PBXGroup section */

/* Begin PBXNativeTarget section */
		5BB864E0208417D6002EBB5F /* PeeCheckTests */ = {
			isa = PBXNativeTarget;
			buildConfigurationList = 5BB864E8208417D7002EBB5F /* Build configuration list for PBXNativeTarget "PeeCheckTests" */;
			buildPhases = (
				B516C55102201A00BFA23DCC /* [CP] Check Pods Manifest.lock */,
				5BB864DD208417D6002EBB5F /* Sources */,
				5BB864DE208417D6002EBB5F /* Frameworks */,
				5BB864DF208417D6002EBB5F /* Resources */,
				871422BF7B8E3A623B56A158 /* [CP] Embed Pods Frameworks */,
			);
			buildRules = (
			);
			dependencies = (
				5BB864E7208417D7002EBB5F /* PBXTargetDependency */,
			);
			name = PeeCheckTests;
			productName = PeeCheckTests;
			productReference = 5BB864E1208417D6002EBB5F /* PeeCheckTests.xctest */;
			productType = "com.apple.product-type.bundle.unit-test";
		};
		5BB864EE2084252A002EBB5F /* PeeCheckUITests */ = {
			isa = PBXNativeTarget;
			buildConfigurationList = 5BB864F62084252B002EBB5F /* Build configuration list for PBXNativeTarget "PeeCheckUITests" */;
			buildPhases = (
				D61F8DE14C372E68DC227A55 /* [CP] Check Pods Manifest.lock */,
				5BB864EB2084252A002EBB5F /* Sources */,
				5BB864EC2084252A002EBB5F /* Frameworks */,
				5BB864ED2084252A002EBB5F /* Resources */,
				456647B8D08F272D667E2344 /* [CP] Embed Pods Frameworks */,
			);
			buildRules = (
			);
			dependencies = (
				5BB864F52084252B002EBB5F /* PBXTargetDependency */,
			);
			name = PeeCheckUITests;
			productName = PeeCheckUITests;
			productReference = 5BB864EF2084252A002EBB5F /* PeeCheckUITests.xctest */;
			productType = "com.apple.product-type.bundle.ui-testing";
		};
		5BB9D8BA204EE3D200C5ADA1 /* PeeCheck */ = {
			isa = PBXNativeTarget;
			buildConfigurationList = 5BB9D8E3204EE3D200C5ADA1 /* Build configuration list for PBXNativeTarget "PeeCheck" */;
			buildPhases = (
				4C1424EFFCE41CD44BEF2847 /* [CP] Check Pods Manifest.lock */,
				5BB9D8B7204EE3D200C5ADA1 /* Sources */,
				5BB9D8B8204EE3D200C5ADA1 /* Frameworks */,
				5BB9D8B9204EE3D200C5ADA1 /* Resources */,
				5BB9D901204EEE6E00C5ADA1 /* Swiftlint script */,
			);
			buildRules = (
			);
			dependencies = (
			);
			name = PeeCheck;
			productName = MicturitionCheck;
			productReference = 5BB9D8BB204EE3D200C5ADA1 /* PeeCheck.app */;
			productType = "com.apple.product-type.application";
		};
/* End PBXNativeTarget section */

/* Begin PBXProject section */
		5BB9D8B3204EE3D200C5ADA1 /* Project object */ = {
			isa = PBXProject;
			attributes = {
				LastSwiftUpdateCheck = 0930;
				LastUpgradeCheck = 0930;
				ORGANIZATIONNAME = "Martin Lukacs";
				TargetAttributes = {
					5BB864E0208417D6002EBB5F = {
						CreatedOnToolsVersion = 9.3;
						ProvisioningStyle = Automatic;
						TestTargetID = 5BB9D8BA204EE3D200C5ADA1;
					};
					5BB864EE2084252A002EBB5F = {
						CreatedOnToolsVersion = 9.3;
						ProvisioningStyle = Automatic;
						TestTargetID = 5BB9D8BA204EE3D200C5ADA1;
					};
					5BB9D8BA204EE3D200C5ADA1 = {
						CreatedOnToolsVersion = 9.2;
						ProvisioningStyle = Automatic;
					};
				};
			};
			buildConfigurationList = 5BB9D8B6204EE3D200C5ADA1 /* Build configuration list for PBXProject "PeeCheck" */;
			compatibilityVersion = "Xcode 8.0";
			developmentRegion = en;
			hasScannedForEncodings = 0;
			knownRegions = (
				en,
				Base,
				fr,
			);
			mainGroup = 5BB9D8B2204EE3D200C5ADA1;
			productRefGroup = 5BB9D8BC204EE3D200C5ADA1 /* Products */;
			projectDirPath = "";
			projectRoot = "";
			targets = (
				5BB9D8BA204EE3D200C5ADA1 /* PeeCheck */,
				5BB864E0208417D6002EBB5F /* PeeCheckTests */,
				5BB864EE2084252A002EBB5F /* PeeCheckUITests */,
			);
		};
/* End PBXProject section */

/* Begin PBXResourcesBuildPhase section */
		5BB864DF208417D6002EBB5F /* Resources */ = {
			isa = PBXResourcesBuildPhase;
			buildActionMask = 2147483647;
			files = (
			);
			runOnlyForDeploymentPostprocessing = 0;
		};
		5BB864ED2084252A002EBB5F /* Resources */ = {
			isa = PBXResourcesBuildPhase;
			buildActionMask = 2147483647;
			files = (
			);
			runOnlyForDeploymentPostprocessing = 0;
		};
		5BB9D8B9204EE3D200C5ADA1 /* Resources */ = {
			isa = PBXResourcesBuildPhase;
			buildActionMask = 2147483647;
			files = (
				5BB9D8C9204EE3D200C5ADA1 /* LaunchScreen.storyboard in Resources */,
				5BB9D8F5204EE82700C5ADA1 /* Localizable.strings in Resources */,
				5B201FB32076E22A0063EA25 /* RecordingViewController.xib in Resources */,
				5BB9D8C6204EE3D200C5ADA1 /* Assets.xcassets in Resources */,
				5BB9D8C4204EE3D200C5ADA1 /* Main.storyboard in Resources */,
			);
			runOnlyForDeploymentPostprocessing = 0;
		};
/* End PBXResourcesBuildPhase section */

/* Begin PBXShellScriptBuildPhase section */
		456647B8D08F272D667E2344 /* [CP] Embed Pods Frameworks */ = {
			isa = PBXShellScriptBuildPhase;
			buildActionMask = 2147483647;
			files = (
			);
			inputPaths = (
				"${SRCROOT}/Pods/Target Support Files/Pods-PeeCheckUITests/Pods-PeeCheckUITests-frameworks.sh",
				"${BUILT_PRODUCTS_DIR}/Nimble/Nimble.framework",
				"${BUILT_PRODUCTS_DIR}/Nimble-Snapshots/Nimble_Snapshots.framework",
				"${BUILT_PRODUCTS_DIR}/Quick/Quick.framework",
				"${BUILT_PRODUCTS_DIR}/iOSSnapshotTestCase/FBSnapshotTestCase.framework",
			);
			name = "[CP] Embed Pods Frameworks";
			outputPaths = (
				"${TARGET_BUILD_DIR}/${FRAMEWORKS_FOLDER_PATH}/Nimble.framework",
				"${TARGET_BUILD_DIR}/${FRAMEWORKS_FOLDER_PATH}/Nimble_Snapshots.framework",
				"${TARGET_BUILD_DIR}/${FRAMEWORKS_FOLDER_PATH}/Quick.framework",
				"${TARGET_BUILD_DIR}/${FRAMEWORKS_FOLDER_PATH}/FBSnapshotTestCase.framework",
			);
			runOnlyForDeploymentPostprocessing = 0;
			shellPath = /bin/sh;
			shellScript = "\"${SRCROOT}/Pods/Target Support Files/Pods-PeeCheckUITests/Pods-PeeCheckUITests-frameworks.sh\"\n";
			showEnvVarsInLog = 0;
		};
		4C1424EFFCE41CD44BEF2847 /* [CP] Check Pods Manifest.lock */ = {
			isa = PBXShellScriptBuildPhase;
			buildActionMask = 2147483647;
			files = (
			);
			inputPaths = (
				"${PODS_PODFILE_DIR_PATH}/Podfile.lock",
				"${PODS_ROOT}/Manifest.lock",
			);
			name = "[CP] Check Pods Manifest.lock";
			outputPaths = (
				"$(DERIVED_FILE_DIR)/Pods-PeeCheck-checkManifestLockResult.txt",
			);
			runOnlyForDeploymentPostprocessing = 0;
			shellPath = /bin/sh;
			shellScript = "diff \"${PODS_PODFILE_DIR_PATH}/Podfile.lock\" \"${PODS_ROOT}/Manifest.lock\" > /dev/null\nif [ $? != 0 ] ; then\n    # print error to STDERR\n    echo \"error: The sandbox is not in sync with the Podfile.lock. Run 'pod install' or update your CocoaPods installation.\" >&2\n    exit 1\nfi\n# This output is used by Xcode 'outputs' to avoid re-running this script phase.\necho \"SUCCESS\" > \"${SCRIPT_OUTPUT_FILE_0}\"\n";
			showEnvVarsInLog = 0;
		};
		5BB9D901204EEE6E00C5ADA1 /* Swiftlint script */ = {
			isa = PBXShellScriptBuildPhase;
			buildActionMask = 2147483647;
			files = (
			);
			inputPaths = (
			);
			name = "Swiftlint script";
			outputPaths = (
			);
			runOnlyForDeploymentPostprocessing = 0;
			shellPath = /bin/sh;
			shellScript = "\"${PODS_ROOT}/SwiftLint/swiftlint\"";
		};
		871422BF7B8E3A623B56A158 /* [CP] Embed Pods Frameworks */ = {
			isa = PBXShellScriptBuildPhase;
			buildActionMask = 2147483647;
			files = (
			);
			inputPaths = (
				"${SRCROOT}/Pods/Target Support Files/Pods-PeeCheckTests/Pods-PeeCheckTests-frameworks.sh",
				"${BUILT_PRODUCTS_DIR}/Nimble/Nimble.framework",
				"${BUILT_PRODUCTS_DIR}/Nimble-Snapshots/Nimble_Snapshots.framework",
				"${BUILT_PRODUCTS_DIR}/Quick/Quick.framework",
				"${BUILT_PRODUCTS_DIR}/iOSSnapshotTestCase/FBSnapshotTestCase.framework",
			);
			name = "[CP] Embed Pods Frameworks";
			outputPaths = (
				"${TARGET_BUILD_DIR}/${FRAMEWORKS_FOLDER_PATH}/Nimble.framework",
				"${TARGET_BUILD_DIR}/${FRAMEWORKS_FOLDER_PATH}/Nimble_Snapshots.framework",
				"${TARGET_BUILD_DIR}/${FRAMEWORKS_FOLDER_PATH}/Quick.framework",
				"${TARGET_BUILD_DIR}/${FRAMEWORKS_FOLDER_PATH}/FBSnapshotTestCase.framework",
			);
			runOnlyForDeploymentPostprocessing = 0;
			shellPath = /bin/sh;
			shellScript = "\"${SRCROOT}/Pods/Target Support Files/Pods-PeeCheckTests/Pods-PeeCheckTests-frameworks.sh\"\n";
			showEnvVarsInLog = 0;
		};
		B516C55102201A00BFA23DCC /* [CP] Check Pods Manifest.lock */ = {
			isa = PBXShellScriptBuildPhase;
			buildActionMask = 2147483647;
			files = (
			);
			inputPaths = (
				"${PODS_PODFILE_DIR_PATH}/Podfile.lock",
				"${PODS_ROOT}/Manifest.lock",
			);
			name = "[CP] Check Pods Manifest.lock";
			outputPaths = (
				"$(DERIVED_FILE_DIR)/Pods-PeeCheckTests-checkManifestLockResult.txt",
			);
			runOnlyForDeploymentPostprocessing = 0;
			shellPath = /bin/sh;
			shellScript = "diff \"${PODS_PODFILE_DIR_PATH}/Podfile.lock\" \"${PODS_ROOT}/Manifest.lock\" > /dev/null\nif [ $? != 0 ] ; then\n    # print error to STDERR\n    echo \"error: The sandbox is not in sync with the Podfile.lock. Run 'pod install' or update your CocoaPods installation.\" >&2\n    exit 1\nfi\n# This output is used by Xcode 'outputs' to avoid re-running this script phase.\necho \"SUCCESS\" > \"${SCRIPT_OUTPUT_FILE_0}\"\n";
			showEnvVarsInLog = 0;
		};
		D61F8DE14C372E68DC227A55 /* [CP] Check Pods Manifest.lock */ = {
			isa = PBXShellScriptBuildPhase;
			buildActionMask = 2147483647;
			files = (
			);
			inputPaths = (
				"${PODS_PODFILE_DIR_PATH}/Podfile.lock",
				"${PODS_ROOT}/Manifest.lock",
			);
			name = "[CP] Check Pods Manifest.lock";
			outputPaths = (
				"$(DERIVED_FILE_DIR)/Pods-PeeCheckUITests-checkManifestLockResult.txt",
			);
			runOnlyForDeploymentPostprocessing = 0;
			shellPath = /bin/sh;
			shellScript = "diff \"${PODS_PODFILE_DIR_PATH}/Podfile.lock\" \"${PODS_ROOT}/Manifest.lock\" > /dev/null\nif [ $? != 0 ] ; then\n    # print error to STDERR\n    echo \"error: The sandbox is not in sync with the Podfile.lock. Run 'pod install' or update your CocoaPods installation.\" >&2\n    exit 1\nfi\n# This output is used by Xcode 'outputs' to avoid re-running this script phase.\necho \"SUCCESS\" > \"${SCRIPT_OUTPUT_FILE_0}\"\n";
			showEnvVarsInLog = 0;
		};
/* End PBXShellScriptBuildPhase section */

/* Begin PBXSourcesBuildPhase section */
		5BB864DD208417D6002EBB5F /* Sources */ = {
			isa = PBXSourcesBuildPhase;
			buildActionMask = 2147483647;
			files = (
				5BB8650920855A8B002EBB5F /* RecordingPresenterTests.swift in Sources */,
				5BB8650820855A8B002EBB5F /* RecordingWorkerTests.swift in Sources */,
				5BB8650720855A8B002EBB5F /* RecordingInteractorTests.swift in Sources */,
				5BB864FC20842584002EBB5F /* TabBarControllersTests.swift in Sources */,
				5BB8650020855A13002EBB5F /* MainTabBarViewControllerTests.swift in Sources */,
				5BB8650620855A8B002EBB5F /* RecordingViewControllerTests.swift in Sources */,
			);
			runOnlyForDeploymentPostprocessing = 0;
		};
		5BB864EB2084252A002EBB5F /* Sources */ = {
			isa = PBXSourcesBuildPhase;
			buildActionMask = 2147483647;
			files = (
				5BB864F22084252B002EBB5F /* PeeCheckUITests.swift in Sources */,
			);
			runOnlyForDeploymentPostprocessing = 0;
		};
		5BB9D8B7204EE3D200C5ADA1 /* Sources */ = {
			isa = PBXSourcesBuildPhase;
			buildActionMask = 2147483647;
			files = (
				5B201FB02076E1E60063EA25 /* RecordingViewController.swift in Sources */,
				5B201FAF2076E1E60063EA25 /* RecordingModels.swift in Sources */,
				5BB9D8FE204EEB9900C5ADA1 /* TabBarControllers.swift in Sources */,
				5BB8650A20856613002EBB5F /* MainTabBarViewController.swift in Sources */,
				5B201FAC2076E1E60063EA25 /* RecordingPresenter.swift in Sources */,
				5B201FAD2076E1E60063EA25 /* RecordingWorker.swift in Sources */,
				5B201FB12076E1E60063EA25 /* RecordingInteractor.swift in Sources */,
				5B201FAE2076E1E60063EA25 /* RecordingRouter.swift in Sources */,
				5B201FB52076E9580063EA25 /* UIImage+Extensions.swift in Sources */,
				5BB9D8BF204EE3D200C5ADA1 /* AppDelegate.swift in Sources */,
				5BB9D900204EEBC800C5ADA1 /* String+Extensions.swift in Sources */,
			);
			runOnlyForDeploymentPostprocessing = 0;
		};
/* End PBXSourcesBuildPhase section */

/* Begin PBXTargetDependency section */
		5BB864E7208417D7002EBB5F /* PBXTargetDependency */ = {
			isa = PBXTargetDependency;
			target = 5BB9D8BA204EE3D200C5ADA1 /* PeeCheck */;
			targetProxy = 5BB864E6208417D7002EBB5F /* PBXContainerItemProxy */;
		};
		5BB864F52084252B002EBB5F /* PBXTargetDependency */ = {
			isa = PBXTargetDependency;
			target = 5BB9D8BA204EE3D200C5ADA1 /* PeeCheck */;
			targetProxy = 5BB864F42084252B002EBB5F /* PBXContainerItemProxy */;
		};
/* End PBXTargetDependency section */

/* Begin PBXVariantGroup section */
		5BB9D8C2204EE3D200C5ADA1 /* Main.storyboard */ = {
			isa = PBXVariantGroup;
			children = (
				5BB9D8C3204EE3D200C5ADA1 /* Base */,
			);
			name = Main.storyboard;
			sourceTree = "<group>";
		};
		5BB9D8C7204EE3D200C5ADA1 /* LaunchScreen.storyboard */ = {
			isa = PBXVariantGroup;
			children = (
				5BB9D8C8204EE3D200C5ADA1 /* Base */,
			);
			name = LaunchScreen.storyboard;
			sourceTree = "<group>";
		};
		5BB9D8F7204EE82700C5ADA1 /* Localizable.strings */ = {
			isa = PBXVariantGroup;
			children = (
				5BB9D8F6204EE82700C5ADA1 /* en */,
				5BB9D8F8204EE83D00C5ADA1 /* fr */,
			);
			name = Localizable.strings;
			sourceTree = "<group>";
		};
/* End PBXVariantGroup section */

/* Begin XCBuildConfiguration section */
		5BB864E9208417D7002EBB5F /* Debug */ = {
			isa = XCBuildConfiguration;
			baseConfigurationReference = E8866187AD011ECD8BA008CA /* Pods-PeeCheckTests.debug.xcconfig */;
			buildSettings = {
				BUNDLE_LOADER = "$(TEST_HOST)";
				CLANG_ENABLE_OBJC_WEAK = YES;
				CODE_SIGN_STYLE = Automatic;
				DEVELOPMENT_TEAM = 99ZMAPWT9Y;
				INFOPLIST_FILE = PeeCheckTests/Info.plist;
				IPHONEOS_DEPLOYMENT_TARGET = 11.3;
				LD_RUNPATH_SEARCH_PATHS = "$(inherited) @executable_path/Frameworks @loader_path/Frameworks";
				PRODUCT_BUNDLE_IDENTIFIER = com.martin.PeeCheckTests;
				PRODUCT_NAME = "$(TARGET_NAME)";
				SWIFT_VERSION = 4.0;
				TARGETED_DEVICE_FAMILY = "1,2";
				TEST_HOST = "$(BUILT_PRODUCTS_DIR)/PeeCheck.app/PeeCheck";
			};
			name = Debug;
		};
		5BB864EA208417D7002EBB5F /* Release */ = {
			isa = XCBuildConfiguration;
			baseConfigurationReference = DB513A455CBC4C7DAAD7F622 /* Pods-PeeCheckTests.release.xcconfig */;
			buildSettings = {
				BUNDLE_LOADER = "$(TEST_HOST)";
				CLANG_ENABLE_OBJC_WEAK = YES;
				CODE_SIGN_STYLE = Automatic;
				DEVELOPMENT_TEAM = 99ZMAPWT9Y;
				INFOPLIST_FILE = PeeCheckTests/Info.plist;
				IPHONEOS_DEPLOYMENT_TARGET = 11.3;
				LD_RUNPATH_SEARCH_PATHS = "$(inherited) @executable_path/Frameworks @loader_path/Frameworks";
				PRODUCT_BUNDLE_IDENTIFIER = com.martin.PeeCheckTests;
				PRODUCT_NAME = "$(TARGET_NAME)";
				SWIFT_VERSION = 4.0;
				TARGETED_DEVICE_FAMILY = "1,2";
				TEST_HOST = "$(BUILT_PRODUCTS_DIR)/PeeCheck.app/PeeCheck";
			};
			name = Release;
		};
		5BB864F72084252B002EBB5F /* Debug */ = {
			isa = XCBuildConfiguration;
			baseConfigurationReference = 065C21D8CE50B8801D890CCB /* Pods-PeeCheckUITests.debug.xcconfig */;
			buildSettings = {
				CLANG_ENABLE_OBJC_WEAK = YES;
				CODE_SIGN_STYLE = Automatic;
				DEVELOPMENT_TEAM = 99ZMAPWT9Y;
				INFOPLIST_FILE = PeeCheckUITests/Info.plist;
				IPHONEOS_DEPLOYMENT_TARGET = 11.3;
				LD_RUNPATH_SEARCH_PATHS = "$(inherited) @executable_path/Frameworks @loader_path/Frameworks";
				PRODUCT_BUNDLE_IDENTIFIER = com.martin.PeeCheckUITests;
				PRODUCT_NAME = "$(TARGET_NAME)";
				SWIFT_VERSION = 4.0;
				TARGETED_DEVICE_FAMILY = "1,2";
				TEST_TARGET_NAME = PeeCheck;
			};
			name = Debug;
		};
		5BB864F82084252B002EBB5F /* Release */ = {
			isa = XCBuildConfiguration;
			baseConfigurationReference = 901DC64AB7C572D4E62F276D /* Pods-PeeCheckUITests.release.xcconfig */;
			buildSettings = {
				CLANG_ENABLE_OBJC_WEAK = YES;
				CODE_SIGN_STYLE = Automatic;
				DEVELOPMENT_TEAM = 99ZMAPWT9Y;
				INFOPLIST_FILE = PeeCheckUITests/Info.plist;
				IPHONEOS_DEPLOYMENT_TARGET = 11.3;
				LD_RUNPATH_SEARCH_PATHS = "$(inherited) @executable_path/Frameworks @loader_path/Frameworks";
				PRODUCT_BUNDLE_IDENTIFIER = com.martin.PeeCheckUITests;
				PRODUCT_NAME = "$(TARGET_NAME)";
				SWIFT_VERSION = 4.0;
				TARGETED_DEVICE_FAMILY = "1,2";
				TEST_TARGET_NAME = PeeCheck;
			};
			name = Release;
		};
		5BB9D8E1204EE3D200C5ADA1 /* Debug */ = {
			isa = XCBuildConfiguration;
			buildSettings = {
				ALWAYS_SEARCH_USER_PATHS = NO;
				CLANG_ANALYZER_LOCALIZABILITY_NONLOCALIZED = YES;
				CLANG_ANALYZER_NONNULL = YES;
				CLANG_ANALYZER_NUMBER_OBJECT_CONVERSION = YES_AGGRESSIVE;
				CLANG_CXX_LANGUAGE_STANDARD = "gnu++14";
				CLANG_CXX_LIBRARY = "libc++";
				CLANG_ENABLE_MODULES = YES;
				CLANG_ENABLE_OBJC_ARC = YES;
				CLANG_WARN_BLOCK_CAPTURE_AUTORELEASING = YES;
				CLANG_WARN_BOOL_CONVERSION = YES;
				CLANG_WARN_COMMA = YES;
				CLANG_WARN_CONSTANT_CONVERSION = YES;
				CLANG_WARN_DEPRECATED_OBJC_IMPLEMENTATIONS = YES;
				CLANG_WARN_DIRECT_OBJC_ISA_USAGE = YES_ERROR;
				CLANG_WARN_DOCUMENTATION_COMMENTS = YES;
				CLANG_WARN_EMPTY_BODY = YES;
				CLANG_WARN_ENUM_CONVERSION = YES;
				CLANG_WARN_INFINITE_RECURSION = YES;
				CLANG_WARN_INT_CONVERSION = YES;
				CLANG_WARN_NON_LITERAL_NULL_CONVERSION = YES;
				CLANG_WARN_OBJC_IMPLICIT_RETAIN_SELF = YES;
				CLANG_WARN_OBJC_LITERAL_CONVERSION = YES;
				CLANG_WARN_OBJC_ROOT_CLASS = YES_ERROR;
				CLANG_WARN_RANGE_LOOP_ANALYSIS = YES;
				CLANG_WARN_STRICT_PROTOTYPES = YES;
				CLANG_WARN_SUSPICIOUS_MOVE = YES;
				CLANG_WARN_UNGUARDED_AVAILABILITY = YES_AGGRESSIVE;
				CLANG_WARN_UNREACHABLE_CODE = YES;
				CLANG_WARN__DUPLICATE_METHOD_MATCH = YES;
				CODE_SIGN_IDENTITY = "iPhone Developer";
				COPY_PHASE_STRIP = NO;
				DEBUG_INFORMATION_FORMAT = dwarf;
				ENABLE_STRICT_OBJC_MSGSEND = YES;
				ENABLE_TESTABILITY = YES;
				GCC_C_LANGUAGE_STANDARD = gnu11;
				GCC_DYNAMIC_NO_PIC = NO;
				GCC_NO_COMMON_BLOCKS = YES;
				GCC_OPTIMIZATION_LEVEL = 0;
				GCC_PREPROCESSOR_DEFINITIONS = (
					"DEBUG=1",
					"$(inherited)",
				);
				GCC_WARN_64_TO_32_BIT_CONVERSION = YES;
				GCC_WARN_ABOUT_RETURN_TYPE = YES_ERROR;
				GCC_WARN_UNDECLARED_SELECTOR = YES;
				GCC_WARN_UNINITIALIZED_AUTOS = YES_AGGRESSIVE;
				GCC_WARN_UNUSED_FUNCTION = YES;
				GCC_WARN_UNUSED_VARIABLE = YES;
				IPHONEOS_DEPLOYMENT_TARGET = 11.2;
				MTL_ENABLE_DEBUG_INFO = YES;
				ONLY_ACTIVE_ARCH = YES;
				SDKROOT = iphoneos;
				SWIFT_ACTIVE_COMPILATION_CONDITIONS = DEBUG;
				SWIFT_OPTIMIZATION_LEVEL = "-Onone";
			};
			name = Debug;
		};
		5BB9D8E2204EE3D200C5ADA1 /* Release */ = {
			isa = XCBuildConfiguration;
			buildSettings = {
				ALWAYS_SEARCH_USER_PATHS = NO;
				CLANG_ANALYZER_LOCALIZABILITY_NONLOCALIZED = YES;
				CLANG_ANALYZER_NONNULL = YES;
				CLANG_ANALYZER_NUMBER_OBJECT_CONVERSION = YES_AGGRESSIVE;
				CLANG_CXX_LANGUAGE_STANDARD = "gnu++14";
				CLANG_CXX_LIBRARY = "libc++";
				CLANG_ENABLE_MODULES = YES;
				CLANG_ENABLE_OBJC_ARC = YES;
				CLANG_WARN_BLOCK_CAPTURE_AUTORELEASING = YES;
				CLANG_WARN_BOOL_CONVERSION = YES;
				CLANG_WARN_COMMA = YES;
				CLANG_WARN_CONSTANT_CONVERSION = YES;
				CLANG_WARN_DEPRECATED_OBJC_IMPLEMENTATIONS = YES;
				CLANG_WARN_DIRECT_OBJC_ISA_USAGE = YES_ERROR;
				CLANG_WARN_DOCUMENTATION_COMMENTS = YES;
				CLANG_WARN_EMPTY_BODY = YES;
				CLANG_WARN_ENUM_CONVERSION = YES;
				CLANG_WARN_INFINITE_RECURSION = YES;
				CLANG_WARN_INT_CONVERSION = YES;
				CLANG_WARN_NON_LITERAL_NULL_CONVERSION = YES;
				CLANG_WARN_OBJC_IMPLICIT_RETAIN_SELF = YES;
				CLANG_WARN_OBJC_LITERAL_CONVERSION = YES;
				CLANG_WARN_OBJC_ROOT_CLASS = YES_ERROR;
				CLANG_WARN_RANGE_LOOP_ANALYSIS = YES;
				CLANG_WARN_STRICT_PROTOTYPES = YES;
				CLANG_WARN_SUSPICIOUS_MOVE = YES;
				CLANG_WARN_UNGUARDED_AVAILABILITY = YES_AGGRESSIVE;
				CLANG_WARN_UNREACHABLE_CODE = YES;
				CLANG_WARN__DUPLICATE_METHOD_MATCH = YES;
				CODE_SIGN_IDENTITY = "iPhone Developer";
				COPY_PHASE_STRIP = NO;
				DEBUG_INFORMATION_FORMAT = "dwarf-with-dsym";
				ENABLE_NS_ASSERTIONS = NO;
				ENABLE_STRICT_OBJC_MSGSEND = YES;
				GCC_C_LANGUAGE_STANDARD = gnu11;
				GCC_NO_COMMON_BLOCKS = YES;
				GCC_WARN_64_TO_32_BIT_CONVERSION = YES;
				GCC_WARN_ABOUT_RETURN_TYPE = YES_ERROR;
				GCC_WARN_UNDECLARED_SELECTOR = YES;
				GCC_WARN_UNINITIALIZED_AUTOS = YES_AGGRESSIVE;
				GCC_WARN_UNUSED_FUNCTION = YES;
				GCC_WARN_UNUSED_VARIABLE = YES;
				IPHONEOS_DEPLOYMENT_TARGET = 11.2;
				MTL_ENABLE_DEBUG_INFO = NO;
				SDKROOT = iphoneos;
				SWIFT_OPTIMIZATION_LEVEL = "-Owholemodule";
				VALIDATE_PRODUCT = YES;
			};
			name = Release;
		};
		5BB9D8E4204EE3D200C5ADA1 /* Debug */ = {
			isa = XCBuildConfiguration;
			baseConfigurationReference = 9E21308C9B2077CCC24EEB1F /* Pods-PeeCheck.debug.xcconfig */;
			buildSettings = {
				ALWAYS_EMBED_SWIFT_STANDARD_LIBRARIES = "$(inherited)";
				ASSETCATALOG_COMPILER_APPICON_NAME = AppIcon;
				CODE_SIGN_STYLE = Automatic;
				DEVELOPMENT_TEAM = 99ZMAPWT9Y;
				INFOPLIST_FILE = "$(SRCROOT)/PeeCheck/Supporting Files/Info.plist";
				IPHONEOS_DEPLOYMENT_TARGET = 9.0;
				LD_RUNPATH_SEARCH_PATHS = "$(inherited) @executable_path/Frameworks";
				ONLY_ACTIVE_ARCH = YES;
				OTHER_LDFLAGS = (
					"-ObjC",
					"$(inherited)",
				);
				PRODUCT_BUNDLE_IDENTIFIER = com.martin.PeeCheck;
				PRODUCT_NAME = "$(TARGET_NAME)";
				SWIFT_VERSION = 4.0;
				TARGETED_DEVICE_FAMILY = "1,2";
			};
			name = Debug;
		};
		5BB9D8E5204EE3D200C5ADA1 /* Release */ = {
			isa = XCBuildConfiguration;
			baseConfigurationReference = EC244CE0A01483D2764F3FEA /* Pods-PeeCheck.release.xcconfig */;
			buildSettings = {
				ALWAYS_EMBED_SWIFT_STANDARD_LIBRARIES = "$(inherited)";
				ASSETCATALOG_COMPILER_APPICON_NAME = AppIcon;
				CODE_SIGN_STYLE = Automatic;
				DEVELOPMENT_TEAM = 99ZMAPWT9Y;
				INFOPLIST_FILE = "$(SRCROOT)/PeeCheck/Supporting Files/Info.plist";
				IPHONEOS_DEPLOYMENT_TARGET = 9.0;
				LD_RUNPATH_SEARCH_PATHS = "$(inherited) @executable_path/Frameworks";
				OTHER_LDFLAGS = (
					"-ObjC",
					"$(inherited)",
				);
				PRODUCT_BUNDLE_IDENTIFIER = com.martin.PeeCheck;
				PRODUCT_NAME = "$(TARGET_NAME)";
				SWIFT_VERSION = 4.0;
				TARGETED_DEVICE_FAMILY = "1,2";
			};
			name = Release;
		};
/* End XCBuildConfiguration section */

/* Begin XCConfigurationList section */
		5BB864E8208417D7002EBB5F /* Build configuration list for PBXNativeTarget "PeeCheckTests" */ = {
			isa = XCConfigurationList;
			buildConfigurations = (
				5BB864E9208417D7002EBB5F /* Debug */,
				5BB864EA208417D7002EBB5F /* Release */,
			);
			defaultConfigurationIsVisible = 0;
			defaultConfigurationName = Release;
		};
		5BB864F62084252B002EBB5F /* Build configuration list for PBXNativeTarget "PeeCheckUITests" */ = {
			isa = XCConfigurationList;
			buildConfigurations = (
				5BB864F72084252B002EBB5F /* Debug */,
				5BB864F82084252B002EBB5F /* Release */,
			);
			defaultConfigurationIsVisible = 0;
			defaultConfigurationName = Release;
		};
		5BB9D8B6204EE3D200C5ADA1 /* Build configuration list for PBXProject "PeeCheck" */ = {
			isa = XCConfigurationList;
			buildConfigurations = (
				5BB9D8E1204EE3D200C5ADA1 /* Debug */,
				5BB9D8E2204EE3D200C5ADA1 /* Release */,
			);
			defaultConfigurationIsVisible = 0;
			defaultConfigurationName = Release;
		};
		5BB9D8E3204EE3D200C5ADA1 /* Build configuration list for PBXNativeTarget "PeeCheck" */ = {
			isa = XCConfigurationList;
			buildConfigurations = (
				5BB9D8E4204EE3D200C5ADA1 /* Debug */,
				5BB9D8E5204EE3D200C5ADA1 /* Release */,
			);
			defaultConfigurationIsVisible = 0;
			defaultConfigurationName = Release;
		};
/* End XCConfigurationList section */
	};
	rootObject = 5BB9D8B3204EE3D200C5ADA1 /* Project object */;
}
